
Microsoft Visual Studio Solution File, Format Version 12.00
# Visual Studio Version 17
VisualStudioVersion = 17.0.31912.275
MinimumVisualStudioVersion = 10.0.40219.1
Project("{9A19103F-16F7-4668-BE54-9A1E7A4F7556}") = "CodingChallenge", "CodingChallenge\CodingChallenge.csproj", "{2A0EEBC9-B270-4768-97D0-371443F63C9A}"
EndProject
Project("{2150E333-8FDC-42A3-9474-1A3956D46DE8}") = "Solution Items", "Solution Items", "{F9FEA00B-DC75-4A29-871D-6D62A4DCAF62}"
	ProjectSection(SolutionItems) = preProject
		README.md = README.md
	EndProjectSection
EndProject
Global
	GlobalSection(SolutionConfigurationPlatforms) = preSolution
		Debug|Any CPU = Debug|Any CPU
		Release|Any CPU = Release|Any CPU
	EndGlobalSection
	GlobalSection(ProjectConfigurationPlatforms) = postSolution
		{2A0EEBC9-B270-4768-97D0-371443F63C9A}.Debug|Any CPU.ActiveCfg = Debug|Any CPU
		{2A0EEBC9-B270-4768-97D0-371443F63C9A}.Debug|Any CPU.Build.0 = Debug|Any CPU
		{2A0EEBC9-B270-4768-97D0-371443F63C9A}.Release|Any CPU.ActiveCfg = Release|Any CPU
		{2A0EEBC9-B270-4768-97D0-371443F63C9A}.Release|Any CPU.Build.0 = Release|Any CPU
	EndGlobalSection
	GlobalSection(SolutionProperties) = preSolution
		HideSolutionNode = FALSE
	EndGlobalSection
	GlobalSection(ExtensibilityGlobals) = postSolution
		SolutionGuid = {2BADE47A-C109-4FA2-BF9D-AAB12717536F}
	EndGlobalSection
EndGlobal
